{
	"name": "yimeiDemo",
	"lockfileVersion": 2,
	"requires": true,
	"packages": {
		"": {
			"dependencies": {
				"xlsx": "^0.18.5"
			},
			"devDependencies": {
				"sass-loader": "^16.0.5",
				"uview-ui": "^2.0.38",
				"vue-inset-loader": "^1.2.6"
			}
		},
		"node_modules/adler-32": {
			"version": "1.3.1",
			"resolved": "https://registry.npmjs.org/adler-32/-/adler-32-1.3.1.tgz",
			"integrity": "sha512-ynZ4w/nUUv5rrsR8UUGoe1VC9hZj6V5hU9Qw1HlMDJGEJw5S7TfTErWTjMys6M7vr0YWcPqs3qAr4ss0nDfP+A==",
			"engines": {
				"node": ">=0.8"
			}
		},
		"node_modules/cfb": {
			"version": "1.2.2",
			"resolved": "https://registry.npmjs.org/cfb/-/cfb-1.2.2.tgz",
			"integrity": "sha512-KfdUZsSOw19/ObEWasvBP/Ac4reZvAGauZhs6S/gqNhXhI7cKwvlH7ulj+dOEYnca4bm4SGo8C1bTAQvnTjgQA==",
			"dependencies": {
				"adler-32": "~1.3.0",
				"crc-32": "~1.2.0"
			},
			"engines": {
				"node": ">=0.8"
			}
		},
		"node_modules/codepage": {
			"version": "1.15.0",
			"resolved": "https://registry.npmjs.org/codepage/-/codepage-1.15.0.tgz",
			"integrity": "sha512-3g6NUTPd/YtuuGrhMnOMRjFc+LJw/bnMp3+0r/Wcz3IXUuCosKRJvMphm5+Q+bvTVGcJJuRvVLuYba+WojaFaA==",
			"engines": {
				"node": ">=0.8"
			}
		},
		"node_modules/crc-32": {
			"version": "1.2.2",
			"resolved": "https://registry.npmjs.org/crc-32/-/crc-32-1.2.2.tgz",
			"integrity": "sha512-ROmzCKrTnOwybPcJApAA6WBWij23HVfGVNKqqrZpuyZOHqK2CwHSvpGuyt/UNNvaIjEd8X5IFGp4Mh+Ie1IHJQ==",
			"bin": {
				"crc32": "bin/crc32.njs"
			},
			"engines": {
				"node": ">=0.8"
			}
		},
		"node_modules/de-indent": {
			"version": "1.0.2",
			"resolved": "https://registry.npmjs.org/de-indent/-/de-indent-1.0.2.tgz",
			"integrity": "sha512-e/1zu3xH5MQryN2zdVaF0OrdNLUbvWxzMbi+iNA6Bky7l1RoP8a2fIbRocyHclXt/arDrrR6lL3TqFD9pMQTsg==",
			"dev": true
		},
		"node_modules/frac": {
			"version": "1.1.2",
			"resolved": "https://registry.npmjs.org/frac/-/frac-1.1.2.tgz",
			"integrity": "sha512-w/XBfkibaTl3YDqASwfDUqkna4Z2p9cFSr1aHDt0WoMTECnRfBOv2WArlZILlqgWlmdIlALXGpM2AOhEk5W3IA==",
			"engines": {
				"node": ">=0.8"
			}
		},
		"node_modules/he": {
			"version": "1.2.0",
			"resolved": "https://registry.npmjs.org/he/-/he-1.2.0.tgz",
			"integrity": "sha512-F/1DnUGPopORZi0ni+CvrCgHQ5FyEAHRLSApuYWMmrbSwoN2Mn/7k+Gl38gJnR7yyDZk6WLXwiGod1JOWNDKGw==",
			"dev": true,
			"bin": {
				"he": "bin/he"
			}
		},
		"node_modules/neo-async": {
			"version": "2.6.2",
			"resolved": "https://registry.npmjs.org/neo-async/-/neo-async-2.6.2.tgz",
			"integrity": "sha512-Yd3UES5mWCSqR+qNT93S3UoYUkqAZ9lLg8a7g9rimsWmYGK8cVToA4/sF3RrshdyV3sAGMXVUmpMYOw+dLpOuw==",
			"dev": true
		},
		"node_modules/sass-loader": {
			"version": "16.0.6",
			"integrity": "sha512-sglGzId5gmlfxNs4gK2U3h7HlVRfx278YK6Ono5lwzuvi1jxig80YiuHkaDBVsYIKFhx8wN7XSCI0M2IDS/3qA==",
			"dev": true,
			"dependencies": {
				"neo-async": "^2.6.2"
			},
			"engines": {
				"node": ">= 18.12.0"
			},
			"funding": {
				"type": "opencollective",
				"url": "https://opencollective.com/webpack"
			},
			"peerDependencies": {
				"@rspack/core": "0.x || 1.x",
				"node-sass": "^4.0.0 || ^5.0.0 || ^6.0.0 || ^7.0.0 || ^8.0.0 || ^9.0.0",
				"sass": "^1.3.0",
				"sass-embedded": "*",
				"webpack": "^5.0.0"
			},
			"peerDependenciesMeta": {
				"@rspack/core": {
					"optional": true
				},
				"node-sass": {
					"optional": true
				},
				"sass": {
					"optional": true
				},
				"sass-embedded": {
					"optional": true
				},
				"webpack": {
					"optional": true
				}
			}
		},
		"node_modules/ssf": {
			"version": "0.11.2",
			"resolved": "https://registry.npmjs.org/ssf/-/ssf-0.11.2.tgz",
			"integrity": "sha512-+idbmIXoYET47hH+d7dfm2epdOMUDjqcB4648sTZ+t2JwoyBFL/insLfB/racrDmsKB3diwsDA696pZMieAC5g==",
			"dependencies": {
				"frac": "~1.1.2"
			},
			"engines": {
				"node": ">=0.8"
			}
		},
		"node_modules/strip-json-comments": {
			"version": "2.0.1",
			"resolved": "https://registry.npmjs.org/strip-json-comments/-/strip-json-comments-2.0.1.tgz",
			"integrity": "sha512-4gB8na07fecVVkOI6Rs4e7T6NOTki5EmL7TUduTs6bu3EdnSycntVJ4re8kgZA+wx9IueI2Y11bfbgwtzuE0KQ==",
			"dev": true,
			"engines": {
				"node": ">=0.10.0"
			}
		},
		"node_modules/uview-ui": {
			"version": "2.0.38",
			"integrity": "sha512-6egHDf9lXHKpG3hEjRE0vMx4+VWwKk/ReTf5x18KrIKqdvdPRqO3+B8Unh7vYYwrIxzAWIlmhZ9RJpKI/4UqPQ==",
			"dev": true,
			"engines": {
				"HBuilderX": "^3.1.0"
			}
		},
		"node_modules/vue-inset-loader": {
			"version": "1.2.6",
			"resolved": "https://registry.npmjs.org/vue-inset-loader/-/vue-inset-loader-1.2.6.tgz",
			"integrity": "sha512-P4j8QT4baCBSvuVsWdBEBd2UlUKWRWYBmlGj4KIgFPnEar656DSlQmVRMFCRzb24vgY2nQpg8fH+qT24D4nOWA==",
			"dev": true,
			"dependencies": {
				"strip-json-comments": "^2.0.1",
				"vue-template-compiler": "^2.6.10"
			}
		},
		"node_modules/vue-template-compiler": {
			"version": "2.7.16",
			"resolved": "https://registry.npmjs.org/vue-template-compiler/-/vue-template-compiler-2.7.16.tgz",
			"integrity": "sha512-AYbUWAJHLGGQM7+cNTELw+KsOG9nl2CnSv467WobS5Cv9uk3wFcnr1Etsz2sEIHEZvw1U+o9mRlEO6QbZvUPGQ==",
			"dev": true,
			"dependencies": {
				"de-indent": "^1.0.2",
				"he": "^1.2.0"
			}
		},
		"node_modules/wmf": {
			"version": "1.0.2",
			"resolved": "https://registry.npmjs.org/wmf/-/wmf-1.0.2.tgz",
			"integrity": "sha512-/p9K7bEh0Dj6WbXg4JG0xvLQmIadrner1bi45VMJTfnbVHsc7yIajZyoSoK60/dtVBs12Fm6WkUI5/3WAVsNMw==",
			"engines": {
				"node": ">=0.8"
			}
		},
		"node_modules/word": {
			"version": "0.3.0",
			"resolved": "https://registry.npmjs.org/word/-/word-0.3.0.tgz",
			"integrity": "sha512-OELeY0Q61OXpdUfTp+oweA/vtLVg5VDOXh+3he3PNzLGG/y0oylSOC1xRVj0+l4vQ3tj/bB1HVHv1ocXkQceFA==",
			"engines": {
				"node": ">=0.8"
			}
		},
		"node_modules/xlsx": {
			"version": "0.18.5",
			"resolved": "https://registry.npmjs.org/xlsx/-/xlsx-0.18.5.tgz",
			"integrity": "sha512-dmg3LCjBPHZnQp5/F/+nnTa+miPJxUXB6vtk42YjBBKayDNagxGEeIdWApkYPOf3Z3pm3k62Knjzp7lMeTEtFQ==",
			"dependencies": {
				"adler-32": "~1.3.0",
				"cfb": "~1.2.1",
				"codepage": "~1.15.0",
				"crc-32": "~1.2.1",
				"ssf": "~0.11.2",
				"wmf": "~1.0.1",
				"word": "~0.3.0"
			},
			"bin": {
				"xlsx": "bin/xlsx.njs"
			},
			"engines": {
				"node": ">=0.8"
			}
		}
	},
	"dependencies": {
		"adler-32": {
			"version": "1.3.1",
			"resolved": "https://registry.npmjs.org/adler-32/-/adler-32-1.3.1.tgz",
			"integrity": "sha512-ynZ4w/nUUv5rrsR8UUGoe1VC9hZj6V5hU9Qw1HlMDJGEJw5S7TfTErWTjMys6M7vr0YWcPqs3qAr4ss0nDfP+A=="
		},
		"cfb": {
			"version": "1.2.2",
			"resolved": "https://registry.npmjs.org/cfb/-/cfb-1.2.2.tgz",
			"integrity": "sha512-KfdUZsSOw19/ObEWasvBP/Ac4reZvAGauZhs6S/gqNhXhI7cKwvlH7ulj+dOEYnca4bm4SGo8C1bTAQvnTjgQA==",
			"requires": {
				"adler-32": "~1.3.0",
				"crc-32": "~1.2.0"
			}
		},
		"codepage": {
			"version": "1.15.0",
			"resolved": "https://registry.npmjs.org/codepage/-/codepage-1.15.0.tgz",
			"integrity": "sha512-3g6NUTPd/YtuuGrhMnOMRjFc+LJw/bnMp3+0r/Wcz3IXUuCosKRJvMphm5+Q+bvTVGcJJuRvVLuYba+WojaFaA=="
		},
		"crc-32": {
			"version": "1.2.2",
			"resolved": "https://registry.npmjs.org/crc-32/-/crc-32-1.2.2.tgz",
			"integrity": "sha512-ROmzCKrTnOwybPcJApAA6WBWij23HVfGVNKqqrZpuyZOHqK2CwHSvpGuyt/UNNvaIjEd8X5IFGp4Mh+Ie1IHJQ=="
		},
		"de-indent": {
			"version": "1.0.2",
			"resolved": "https://registry.npmjs.org/de-indent/-/de-indent-1.0.2.tgz",
			"integrity": "sha512-e/1zu3xH5MQryN2zdVaF0OrdNLUbvWxzMbi+iNA6Bky7l1RoP8a2fIbRocyHclXt/arDrrR6lL3TqFD9pMQTsg==",
			"dev": true
		},
		"frac": {
			"version": "1.1.2",
			"resolved": "https://registry.npmjs.org/frac/-/frac-1.1.2.tgz",
			"integrity": "sha512-w/XBfkibaTl3YDqASwfDUqkna4Z2p9cFSr1aHDt0WoMTECnRfBOv2WArlZILlqgWlmdIlALXGpM2AOhEk5W3IA=="
		},
		"he": {
			"version": "1.2.0",
			"resolved": "https://registry.npmjs.org/he/-/he-1.2.0.tgz",
			"integrity": "sha512-F/1DnUGPopORZi0ni+CvrCgHQ5FyEAHRLSApuYWMmrbSwoN2Mn/7k+Gl38gJnR7yyDZk6WLXwiGod1JOWNDKGw==",
			"dev": true
		},
		"neo-async": {
			"version": "2.6.2",
			"resolved": "https://registry.npmjs.org/neo-async/-/neo-async-2.6.2.tgz",
			"integrity": "sha512-Yd3UES5mWCSqR+qNT93S3UoYUkqAZ9lLg8a7g9rimsWmYGK8cVToA4/sF3RrshdyV3sAGMXVUmpMYOw+dLpOuw==",
			"dev": true
		},
		"sass-loader": {
			"version": "16.0.6",
			"dev": true,
			"requires": {
				"neo-async": "^2.6.2"
			}
		},
		"ssf": {
			"version": "0.11.2",
			"resolved": "https://registry.npmjs.org/ssf/-/ssf-0.11.2.tgz",
			"integrity": "sha512-+idbmIXoYET47hH+d7dfm2epdOMUDjqcB4648sTZ+t2JwoyBFL/insLfB/racrDmsKB3diwsDA696pZMieAC5g==",
			"requires": {
				"frac": "~1.1.2"
			}
		},
		"strip-json-comments": {
			"version": "2.0.1",
			"resolved": "https://registry.npmjs.org/strip-json-comments/-/strip-json-comments-2.0.1.tgz",
			"integrity": "sha512-4gB8na07fecVVkOI6Rs4e7T6NOTki5EmL7TUduTs6bu3EdnSycntVJ4re8kgZA+wx9IueI2Y11bfbgwtzuE0KQ==",
			"dev": true
		},
		"uview-ui": {
			"version": "2.0.38",
			"dev": true
		},
		"vue-inset-loader": {
			"version": "1.2.6",
			"resolved": "https://registry.npmjs.org/vue-inset-loader/-/vue-inset-loader-1.2.6.tgz",
			"integrity": "sha512-P4j8QT4baCBSvuVsWdBEBd2UlUKWRWYBmlGj4KIgFPnEar656DSlQmVRMFCRzb24vgY2nQpg8fH+qT24D4nOWA==",
			"dev": true,
			"requires": {
				"strip-json-comments": "^2.0.1",
				"vue-template-compiler": "^2.6.10"
			}
		},
		"vue-template-compiler": {
			"version": "2.7.16",
			"resolved": "https://registry.npmjs.org/vue-template-compiler/-/vue-template-compiler-2.7.16.tgz",
			"integrity": "sha512-AYbUWAJHLGGQM7+cNTELw+KsOG9nl2CnSv467WobS5Cv9uk3wFcnr1Etsz2sEIHEZvw1U+o9mRlEO6QbZvUPGQ==",
			"dev": true,
			"requires": {
				"de-indent": "^1.0.2",
				"he": "^1.2.0"
			}
		},
		"wmf": {
			"version": "1.0.2",
			"resolved": "https://registry.npmjs.org/wmf/-/wmf-1.0.2.tgz",
			"integrity": "sha512-/p9K7bEh0Dj6WbXg4JG0xvLQmIadrner1bi45VMJTfnbVHsc7yIajZyoSoK60/dtVBs12Fm6WkUI5/3WAVsNMw=="
		},
		"word": {
			"version": "0.3.0",
			"resolved": "https://registry.npmjs.org/word/-/word-0.3.0.tgz",
			"integrity": "sha512-OELeY0Q61OXpdUfTp+oweA/vtLVg5VDOXh+3he3PNzLGG/y0oylSOC1xRVj0+l4vQ3tj/bB1HVHv1ocXkQceFA=="
		},
		"xlsx": {
			"version": "0.18.5",
			"resolved": "https://registry.npmjs.org/xlsx/-/xlsx-0.18.5.tgz",
			"integrity": "sha512-dmg3LCjBPHZnQp5/F/+nnTa+miPJxUXB6vtk42YjBBKayDNagxGEeIdWApkYPOf3Z3pm3k62Knjzp7lMeTEtFQ==",
			"requires": {
				"adler-32": "~1.3.0",
				"cfb": "~1.2.1",
				"codepage": "~1.15.0",
				"crc-32": "~1.2.1",
				"ssf": "~0.11.2",
				"wmf": "~1.0.1",
				"word": "~0.3.0"
			}
		}
	}
}
